// !$*UTF8*$!
{
	archiveVersion = 1;
	classes = {
	};
	objectVersion = 46;
	objects = {
/* Begin PBXBuildFile section */
		0207DA581B56EA530066E2B4 /* Images.xcassets in Resources */ = {isa = PBXBuildFile; fileRef = 0207DA571B56EA530066E2B4 /* Images.xcassets */; };
		1D3623260D0F684500981E51 /* AppDelegate.m in Sources */ = {isa = PBXBuildFile; fileRef = 1D3623250D0F684500981E51 /* AppDelegate.m */; };
		1D60589B0D05DD56006BFB54 /* main.m in Sources */ = {isa = PBXBuildFile; fileRef = 29B97316FDCFA39411CA2CEA /* main.m */; };
		301BF552109A68D80062928A /* libCordova.a in Frameworks */ = {isa = PBXBuildFile; fileRef = 301BF535109A57CC0062928A /* libCordova.a */; };
		302D95F114D2391D003F00A1 /* MainViewController.m in Sources */ = {isa = PBXBuildFile; fileRef = 302D95EF14D2391D003F00A1 /* MainViewController.m */; };
		302D95F214D2391D003F00A1 /* MainViewController.xib in Resources */ = {isa = PBXBuildFile; fileRef = 302D95F014D2391D003F00A1 /* MainViewController.xib */; };
		3047A5121AB8059700498E2A /* build-debug.xcconfig in Resources */ = {isa = PBXBuildFile; fileRef = 3047A50F1AB8059700498E2A /* build-debug.xcconfig */; };
		3047A5131AB8059700498E2A /* build-release.xcconfig in Resources */ = {isa = PBXBuildFile; fileRef = 3047A5101AB8059700498E2A /* build-release.xcconfig */; };
		3047A5141AB8059700498E2A /* build.xcconfig in Resources */ = {isa = PBXBuildFile; fileRef = 3047A5111AB8059700498E2A /* build.xcconfig */; };
		6AFF5BF91D6E424B00AB3073 /* CDVLaunchScreen.storyboard in Resources */ = {isa = PBXBuildFile; fileRef = 6AFF5BF81D6E424B00AB3073 /* CDVLaunchScreen.storyboard */; };
		0CDD5C85AE1B427AA3FB77B1 /* AppDelegate+notification.m in Sources */ = {isa = PBXBuildFile; fileRef = 88FEEBE8C7944108B31E6D89 /* AppDelegate+notification.m */; };
		EFD67C63E5C14FAAB1E47896 /* PushPlugin.m in Sources */ = {isa = PBXBuildFile; fileRef = FAC5A36CD91044439319F03C /* PushPlugin.m */; };
		E5EFFE1112844C448231322F /* libGGLCloudMessaging.a in Frameworks */ = {isa = PBXBuildFile; fileRef = 7218A719CD334DC0A392F8CD /* libGGLCloudMessaging.a */; };
		355EBE0C8EBA49E6A6A04E23 /* libGGLCore.a in Frameworks */ = {isa = PBXBuildFile; fileRef = 2A3C7F8463BF423EBB66C0D4 /* libGGLCore.a */; };
		A4963F06BC80495595F6906C /* libGGLInstanceIDLib.a in Frameworks */ = {isa = PBXBuildFile; fileRef = 0D114F6E7EBA4F48964AE404 /* libGGLInstanceIDLib.a */; };
		072E52A29D414079BB5EEA2F /* libGIP_Reachability.a in Frameworks */ = {isa = PBXBuildFile; fileRef = 16264976A7E245AFBB089F2F /* libGIP_Reachability.a */; };
		50BF0C69FE644D08B148DE15 /* libGSDK_Overload.a in Frameworks */ = {isa = PBXBuildFile; fileRef = 1D629F54D9DC4984B0BE39C2 /* libGSDK_Overload.a */; };
		4E29568E3AA14AE584C0709F /* libGTMSessionFetcher_core.a in Frameworks */ = {isa = PBXBuildFile; fileRef = 20B2DD8321F549878795D3D3 /* libGTMSessionFetcher_core.a */; };
		34BA54E49817468292D9124E /* libGTMSessionFetcher_full.a in Frameworks */ = {isa = PBXBuildFile; fileRef = 32A1BF83799E468AB75515B0 /* libGTMSessionFetcher_full.a */; };
		158DD4B06814428F9EDDE5F8 /* libGTMStackTrace.a in Frameworks */ = {isa = PBXBuildFile; fileRef = 1F0B0A49A0E242DEBC91D118 /* libGTMStackTrace.a */; };
		54EC185914F8436A8590EDE2 /* libGTM_AddressBook.a in Frameworks */ = {isa = PBXBuildFile; fileRef = 8FD0351A9380480D9676F9E6 /* libGTM_AddressBook.a */; };
		2AE47E43F9B147158B7907D9 /* libGTM_DebugUtils.a in Frameworks */ = {isa = PBXBuildFile; fileRef = 4D19BF7EC0364A008402C783 /* libGTM_DebugUtils.a */; };
		BAA0DF5CEB3D414BA4479A48 /* libGTM_GTMURLBuilder.a in Frameworks */ = {isa = PBXBuildFile; fileRef = 4A0C48D347EB455096259ACB /* libGTM_GTMURLBuilder.a */; };
		506DE4D823604608B6D35349 /* libGTM_KVO.a in Frameworks */ = {isa = PBXBuildFile; fileRef = 42498BD28A4446FA89CD5A11 /* libGTM_KVO.a */; };
		AA98BDFC8C764CBC970FFE19 /* libGTM_NSData+zlib.a in Frameworks */ = {isa = PBXBuildFile; fileRef = DF86758067364F4CBDD850CC /* libGTM_NSData+zlib.a */; };
		80F001D449BD49CCBEDEE1BA /* libGTM_NSDictionary+URLArguments.a in Frameworks */ = {isa = PBXBuildFile; fileRef = 9A02936601144A6593A30611 /* libGTM_NSDictionary+URLArguments.a */; };
		11D692CB059942078289C827 /* libGTM_NSScannerJSON.a in Frameworks */ = {isa = PBXBuildFile; fileRef = 01ADF1A3200047ECB4A75A22 /* libGTM_NSScannerJSON.a */; };
		CB4C3A807E964DF1A5334C17 /* libGTM_NSStringHTML.a in Frameworks */ = {isa = PBXBuildFile; fileRef = 901772AAC42949CB959619D2 /* libGTM_NSStringHTML.a */; };
		CA7769624E4448419A296B29 /* libGTM_NSStringXML.a in Frameworks */ = {isa = PBXBuildFile; fileRef = B4C376A4DCE24E77850D9588 /* libGTM_NSStringXML.a */; };
		54B755FD76484507A76538B0 /* libGTM_Regex.a in Frameworks */ = {isa = PBXBuildFile; fileRef = 6E07B05E47674261A77A8D0D /* libGTM_Regex.a */; };
		C665FD75010F43F38680B773 /* libGTM_RoundedRectPath.a in Frameworks */ = {isa = PBXBuildFile; fileRef = D7332421D9C24EB7959411F4 /* libGTM_RoundedRectPath.a */; };
		9C87E17D4DA94CDCA90E3775 /* libGTM_StringEncoding.a in Frameworks */ = {isa = PBXBuildFile; fileRef = 6E6573F718DB43048042F9E8 /* libGTM_StringEncoding.a */; };
		5C3C3847589043F0BF85FF7F /* libGTM_SystemVersion.a in Frameworks */ = {isa = PBXBuildFile; fileRef = 645BC4B597674CF88E2A2E7C /* libGTM_SystemVersion.a */; };
		CC4620E4FFA04E51A24E64B4 /* libGTM_UIFont+LineHeight.a in Frameworks */ = {isa = PBXBuildFile; fileRef = 03D3B97EA491411FB011FD83 /* libGTM_UIFont+LineHeight.a */; };
		9E643A760D9E45E1B40AB25F /* libGTM_core.a in Frameworks */ = {isa = PBXBuildFile; fileRef = 36BE5B0377EC40CFAA32798B /* libGTM_core.a */; };
		4CD9A36CEFF7447EB447889A /* libGTM_iPhone.a in Frameworks */ = {isa = PBXBuildFile; fileRef = 82BAA398C9144D5DA53DB6EB /* libGTM_iPhone.a */; };
		F617017C09144F9FB9D829B3 /* libGcmLib.a in Frameworks */ = {isa = PBXBuildFile; fileRef = 9125AAEE1C064AAB9AA9D3E3 /* libGcmLib.a */; };
		7BFD32FDCD74422B8068B5CF /* libProtocolBuffers.a in Frameworks */ = {isa = PBXBuildFile; fileRef = F08238C560FB4A789625C7B0 /* libProtocolBuffers.a */; };
		4B7006DEE3364459AF3D9A5E /* AddressBook.framework in Frameworks */ = {isa = PBXBuildFile; fileRef = 3E42A241F4574FD7A15EED45 /* AddressBook.framework */; };
		D2D73F2AEAF041EAA99BFDBB /* libsqlite3.tbd in Frameworks */ = {isa = PBXBuildFile; fileRef = E8D8AD416DF94A4993D7103C /* libsqlite3.tbd */; };
		770EB18C037D4664B7BEB9C1 /* libz.tbd in Frameworks */ = {isa = PBXBuildFile; fileRef = F35DD843A0EB4B3A8B79705F /* libz.tbd */; };
		0E50987FD17142808D6504FB /* CDVDevice.m in Sources */ = {isa = PBXBuildFile; fileRef = EAF93E7B00B04C9C9817A8A5 /* CDVDevice.m */; };
		DD82F0081A4C458E90CB1ACD /* CDVNotification.m in Sources */ = {isa = PBXBuildFile; fileRef = DF6AE19CEAF84CE9A4ECC365 /* CDVNotification.m */; };
		0A072288DDEA4525A56FBB45 /* CDVNotification.bundle in Resources */ = {isa = PBXBuildFile; fileRef = E06A449A4370427887C4B18F /* CDVNotification.bundle */; };
		77CF33ED450246C69A88CF84 /* AudioToolbox.framework in Frameworks */ = {isa = PBXBuildFile; fileRef = CF7B8A10AB684C2D8D2912D5 /* AudioToolbox.framework */; settings = {ATTRIBUTES = (Weak, ); }; };
		690575A19FDC4BA4A60B38C2 /* CDVInAppBrowser.m in Sources */ = {isa = PBXBuildFile; fileRef = 9190A57BC0C84ABD82CB7D89 /* CDVInAppBrowser.m */; };
		ECA22A26FC744207BFA74436 /* CDVConnection.m in Sources */ = {isa = PBXBuildFile; fileRef = 73F684EACCB0447B8BE1DD69 /* CDVConnection.m */; };
		B78614D646CC486B956D9FD1 /* CDVReachability.m in Sources */ = {isa = PBXBuildFile; fileRef = B9148BAA6947420D8E4483B7 /* CDVReachability.m */; };
		EEA2460C68774FEDAF3347BD /* SystemConfiguration.framework in Frameworks */ = {isa = PBXBuildFile; fileRef = CF3F5D739671406EA3D7AE03 /* SystemConfiguration.framework */; settings = {ATTRIBUTES = (Weak, ); }; };
		0E8D8ABB57A94A78B6707832 /* CoreTelephony.framework in Frameworks */ = {isa = PBXBuildFile; fileRef = 9DE5AC4499FA4C64956F67F7 /* CoreTelephony.framework */; };
		7F486741014E42C091D3E494 /* CDVStatusBar.m in Sources */ = {isa = PBXBuildFile; fileRef = B1A20BAE52FD452F9D0399F4 /* CDVStatusBar.m */; };
		BB2CF294BBE0499B9372B783 /* NSString+SSURLEncoding.m in Sources */ = {isa = PBXBuildFile; fileRef = 6D8A3398457E4E4D8E7691C0 /* NSString+SSURLEncoding.m */; };
		0EB99458214F42DF94590B25 /* SocialSharing.m in Sources */ = {isa = PBXBuildFile; fileRef = 811D998EE0E64EA784896733 /* SocialSharing.m */; };
		3AFDEC8B9B9442F8843B6DE1 /* Social.framework in Frameworks */ = {isa = PBXBuildFile; fileRef = F9B401E8B0A5480688E87E78 /* Social.framework */; settings = {ATTRIBUTES = (Weak, ); }; };
		B6BC39C6D51240108216E008 /* MessageUI.framework in Frameworks */ = {isa = PBXBuildFile; fileRef = FD69897ED397492DA10B2DFF /* MessageUI.framework */; settings = {ATTRIBUTES = (Weak, ); }; };
/* End PBXBuildFile section */

/* Begin PBXContainerItemProxy section */
		301BF534109A57CC0062928A /* PBXContainerItemProxy */ = {
			isa = PBXContainerItemProxy;
			containerPortal = 301BF52D109A57CC0062928A /* CordovaLib.xcodeproj */;
			proxyType = 2;
			remoteGlobalIDString = D2AAC07E0554694100DB518D;
			remoteInfo = CordovaLib;
		};
		301BF550109A68C00062928A /* PBXContainerItemProxy */ = {
			isa = PBXContainerItemProxy;
			containerPortal = 301BF52D109A57CC0062928A /* CordovaLib.xcodeproj */;
			proxyType = 1;
			remoteGlobalIDString = D2AAC07D0554694100DB518D;
			remoteInfo = CordovaLib;
		};
/* End PBXContainerItemProxy section */

/* Begin PBXFileReference section */
		0207DA571B56EA530066E2B4 /* Images.xcassets */ = {isa = PBXFileReference; lastKnownFileType = folder.assetcatalog; name = Images.xcassets; path = "Trento Ceramiche/Images.xcassets"; sourceTree = SOURCE_ROOT; };
		1D3623240D0F684500981E51 /* AppDelegate.h */ = {isa = PBXFileReference; fileEncoding = 4; lastKnownFileType = sourcecode.c.h; path = AppDelegate.h; sourceTree = "<group>"; };
		1D3623250D0F684500981E51 /* AppDelegate.m */ = {isa = PBXFileReference; fileEncoding = 4; lastKnownFileType = sourcecode.c.objc; path = AppDelegate.m; sourceTree = "<group>"; };
		1D6058910D05DD3D006BFB54 /* Trento Ceramiche.app */ = {isa = PBXFileReference; explicitFileType = wrapper.application; includeInIndex = 0; path = "Trento Ceramiche.app"; sourceTree = BUILT_PRODUCTS_DIR; };
		29B97316FDCFA39411CA2CEA /* main.m */ = {isa = PBXFileReference; fileEncoding = 4; lastKnownFileType = sourcecode.c.objc; path = main.m; sourceTree = "<group>"; };
		301BF52D109A57CC0062928A /* CordovaLib.xcodeproj */ = {isa = PBXFileReference; lastKnownFileType = "wrapper.pb-project"; name = CordovaLib.xcodeproj; path = CordovaLib/CordovaLib.xcodeproj; sourceTree = "<group>"; };
		301BF56E109A69640062928A /* www */ = {isa = PBXFileReference; lastKnownFileType = folder; path = www; sourceTree = SOURCE_ROOT; };
		302D95EE14D2391D003F00A1 /* MainViewController.h */ = {isa = PBXFileReference; fileEncoding = 4; lastKnownFileType = sourcecode.c.h; path = MainViewController.h; sourceTree = "<group>"; };
		302D95EF14D2391D003F00A1 /* MainViewController.m */ = {isa = PBXFileReference; fileEncoding = 4; lastKnownFileType = sourcecode.c.objc; path = MainViewController.m; sourceTree = "<group>"; };
		302D95F014D2391D003F00A1 /* MainViewController.xib */ = {isa = PBXFileReference; fileEncoding = 4; lastKnownFileType = file.xib; path = MainViewController.xib; sourceTree = "<group>"; };
		3047A50F1AB8059700498E2A /* build-debug.xcconfig */ = {isa = PBXFileReference; fileEncoding = 4; lastKnownFileType = text.xcconfig; name = "build-debug.xcconfig"; path = cordova/build-debug.xcconfig; sourceTree = SOURCE_ROOT; };
		3047A5101AB8059700498E2A /* build-release.xcconfig */ = {isa = PBXFileReference; fileEncoding = 4; lastKnownFileType = text.xcconfig; name = "build-release.xcconfig"; path = cordova/build-release.xcconfig; sourceTree = SOURCE_ROOT; };
		3047A5111AB8059700498E2A /* build.xcconfig */ = {isa = PBXFileReference; fileEncoding = 4; lastKnownFileType = text.xcconfig; name = build.xcconfig; path = cordova/build.xcconfig; sourceTree = SOURCE_ROOT; };
		32CA4F630368D1EE00C91783 /* Trento Ceramiche-Prefix.pch */ = {isa = PBXFileReference; fileEncoding = 4; lastKnownFileType = sourcecode.c.h; path = "Trento Ceramiche-Prefix.pch"; sourceTree = "<group>"; };
		6AFF5BF81D6E424B00AB3073 /* CDVLaunchScreen.storyboard */ = {isa = PBXFileReference; fileEncoding = 4; lastKnownFileType = file.storyboard; name = CDVLaunchScreen.storyboard; path = "Trento Ceramiche/CDVLaunchScreen.storyboard"; sourceTree = SOURCE_ROOT; };
		8D1107310486CEB800E47090 /* Trento Ceramiche-Info.plist */ = {isa = PBXFileReference; fileEncoding = 4; lastKnownFileType = text.plist.xml; name = "Trento Ceramiche-Info.plist"; path = "Trento Ceramiche/Trento Ceramiche-Info.plist"; plistStructureDefinitionIdentifier = "com.apple.xcode.plist.structure-definition.iphone.info-plist"; sourceTree = SOURCE_ROOT; };
		EB87FDF31871DA8E0020F90C /* www */ = {isa = PBXFileReference; lastKnownFileType = folder; name = www; path = ../../www; sourceTree = "<group>"; };
		EB87FDF41871DAF40020F90C /* config.xml */ = {isa = PBXFileReference; lastKnownFileType = text.xml; name = config.xml; path = ../../config.xml; sourceTree = "<group>"; };
		F840E1F0165FE0F500CFE078 /* config.xml */ = {isa = PBXFileReference; lastKnownFileType = text.xml; name = config.xml; path = "Trento Ceramiche/config.xml"; sourceTree = "<group>"; };
		ED33DF2A687741AEAF9F8254 /* Bridging-Header.h */ = {isa = PBXFileReference; fileEncoding = 4; lastKnownFileType = sourcecode.c.h; name = "Bridging-Header.h"; path = "Bridging-Header.h"; sourceTree = "<group>"; };
		88FEEBE8C7944108B31E6D89 /* AppDelegate+notification.m */ = {isa = PBXFileReference; name = "AppDelegate+notification.m"; path = "phonegap-plugin-push/AppDelegate+notification.m"; sourceTree = "<group>"; fileEncoding = 4; lastKnownFileType = sourcecode.c.objc; explicitFileType = undefined; includeInIndex = 0; };
		FAC5A36CD91044439319F03C /* PushPlugin.m */ = {isa = PBXFileReference; name = "PushPlugin.m"; path = "phonegap-plugin-push/PushPlugin.m"; sourceTree = "<group>"; fileEncoding = 4; lastKnownFileType = sourcecode.c.objc; explicitFileType = undefined; includeInIndex = 0; };
		7218A719CD334DC0A392F8CD /* libGGLCloudMessaging.a */ = {isa = PBXFileReference; name = "libGGLCloudMessaging.a"; path = "Trento Ceramiche/Plugins/phonegap-plugin-push/GCM/Libraries/libGGLCloudMessaging.a"; sourceTree = "<group>"; fileEncoding = undefined; lastKnownFileType = archive.ar; explicitFileType = undefined; includeInIndex = 0; };
		2A3C7F8463BF423EBB66C0D4 /* libGGLCore.a */ = {isa = PBXFileReference; name = "libGGLCore.a"; path = "Trento Ceramiche/Plugins/phonegap-plugin-push/GCM/Libraries/libGGLCore.a"; sourceTree = "<group>"; fileEncoding = undefined; lastKnownFileType = archive.ar; explicitFileType = undefined; includeInIndex = 0; };
		0D114F6E7EBA4F48964AE404 /* libGGLInstanceIDLib.a */ = {isa = PBXFileReference; name = "libGGLInstanceIDLib.a"; path = "Trento Ceramiche/Plugins/phonegap-plugin-push/GCM/Libraries/libGGLInstanceIDLib.a"; sourceTree = "<group>"; fileEncoding = undefined; lastKnownFileType = archive.ar; explicitFileType = undefined; includeInIndex = 0; };
		16264976A7E245AFBB089F2F /* libGIP_Reachability.a */ = {isa = PBXFileReference; name = "libGIP_Reachability.a"; path = "Trento Ceramiche/Plugins/phonegap-plugin-push/GCM/Libraries/libGIP_Reachability.a"; sourceTree = "<group>"; fileEncoding = undefined; lastKnownFileType = archive.ar; explicitFileType = undefined; includeInIndex = 0; };
		1D629F54D9DC4984B0BE39C2 /* libGSDK_Overload.a */ = {isa = PBXFileReference; name = "libGSDK_Overload.a"; path = "Trento Ceramiche/Plugins/phonegap-plugin-push/GCM/Libraries/libGSDK_Overload.a"; sourceTree = "<group>"; fileEncoding = undefined; lastKnownFileType = archive.ar; explicitFileType = undefined; includeInIndex = 0; };
		20B2DD8321F549878795D3D3 /* libGTMSessionFetcher_core.a */ = {isa = PBXFileReference; name = "libGTMSessionFetcher_core.a"; path = "Trento Ceramiche/Plugins/phonegap-plugin-push/GCM/Libraries/libGTMSessionFetcher_core.a"; sourceTree = "<group>"; fileEncoding = undefined; lastKnownFileType = archive.ar; explicitFileType = undefined; includeInIndex = 0; };
		32A1BF83799E468AB75515B0 /* libGTMSessionFetcher_full.a */ = {isa = PBXFileReference; name = "libGTMSessionFetcher_full.a"; path = "Trento Ceramiche/Plugins/phonegap-plugin-push/GCM/Libraries/libGTMSessionFetcher_full.a"; sourceTree = "<group>"; fileEncoding = undefined; lastKnownFileType = archive.ar; explicitFileType = undefined; includeInIndex = 0; };
		1F0B0A49A0E242DEBC91D118 /* libGTMStackTrace.a */ = {isa = PBXFileReference; name = "libGTMStackTrace.a"; path = "Trento Ceramiche/Plugins/phonegap-plugin-push/GCM/Libraries/libGTMStackTrace.a"; sourceTree = "<group>"; fileEncoding = undefined; lastKnownFileType = archive.ar; explicitFileType = undefined; includeInIndex = 0; };
		8FD0351A9380480D9676F9E6 /* libGTM_AddressBook.a */ = {isa = PBXFileReference; name = "libGTM_AddressBook.a"; path = "Trento Ceramiche/Plugins/phonegap-plugin-push/GCM/Libraries/libGTM_AddressBook.a"; sourceTree = "<group>"; fileEncoding = undefined; lastKnownFileType = archive.ar; explicitFileType = undefined; includeInIndex = 0; };
		4D19BF7EC0364A008402C783 /* libGTM_DebugUtils.a */ = {isa = PBXFileReference; name = "libGTM_DebugUtils.a"; path = "Trento Ceramiche/Plugins/phonegap-plugin-push/GCM/Libraries/libGTM_DebugUtils.a"; sourceTree = "<group>"; fileEncoding = undefined; lastKnownFileType = archive.ar; explicitFileType = undefined; includeInIndex = 0; };
		4A0C48D347EB455096259ACB /* libGTM_GTMURLBuilder.a */ = {isa = PBXFileReference; name = "libGTM_GTMURLBuilder.a"; path = "Trento Ceramiche/Plugins/phonegap-plugin-push/GCM/Libraries/libGTM_GTMURLBuilder.a"; sourceTree = "<group>"; fileEncoding = undefined; lastKnownFileType = archive.ar; explicitFileType = undefined; includeInIndex = 0; };
		42498BD28A4446FA89CD5A11 /* libGTM_KVO.a */ = {isa = PBXFileReference; name = "libGTM_KVO.a"; path = "Trento Ceramiche/Plugins/phonegap-plugin-push/GCM/Libraries/libGTM_KVO.a"; sourceTree = "<group>"; fileEncoding = undefined; lastKnownFileType = archive.ar; explicitFileType = undefined; includeInIndex = 0; };
		DF86758067364F4CBDD850CC /* libGTM_NSData+zlib.a */ = {isa = PBXFileReference; name = "libGTM_NSData+zlib.a"; path = "Trento Ceramiche/Plugins/phonegap-plugin-push/GCM/Libraries/libGTM_NSData+zlib.a"; sourceTree = "<group>"; fileEncoding = undefined; lastKnownFileType = archive.ar; explicitFileType = undefined; includeInIndex = 0; };
		9A02936601144A6593A30611 /* libGTM_NSDictionary+URLArguments.a */ = {isa = PBXFileReference; name = "libGTM_NSDictionary+URLArguments.a"; path = "Trento Ceramiche/Plugins/phonegap-plugin-push/GCM/Libraries/libGTM_NSDictionary+URLArguments.a"; sourceTree = "<group>"; fileEncoding = undefined; lastKnownFileType = archive.ar; explicitFileType = undefined; includeInIndex = 0; };
		01ADF1A3200047ECB4A75A22 /* libGTM_NSScannerJSON.a */ = {isa = PBXFileReference; name = "libGTM_NSScannerJSON.a"; path = "Trento Ceramiche/Plugins/phonegap-plugin-push/GCM/Libraries/libGTM_NSScannerJSON.a"; sourceTree = "<group>"; fileEncoding = undefined; lastKnownFileType = archive.ar; explicitFileType = undefined; includeInIndex = 0; };
		901772AAC42949CB959619D2 /* libGTM_NSStringHTML.a */ = {isa = PBXFileReference; name = "libGTM_NSStringHTML.a"; path = "Trento Ceramiche/Plugins/phonegap-plugin-push/GCM/Libraries/libGTM_NSStringHTML.a"; sourceTree = "<group>"; fileEncoding = undefined; lastKnownFileType = archive.ar; explicitFileType = undefined; includeInIndex = 0; };
		B4C376A4DCE24E77850D9588 /* libGTM_NSStringXML.a */ = {isa = PBXFileReference; name = "libGTM_NSStringXML.a"; path = "Trento Ceramiche/Plugins/phonegap-plugin-push/GCM/Libraries/libGTM_NSStringXML.a"; sourceTree = "<group>"; fileEncoding = undefined; lastKnownFileType = archive.ar; explicitFileType = undefined; includeInIndex = 0; };
		6E07B05E47674261A77A8D0D /* libGTM_Regex.a */ = {isa = PBXFileReference; name = "libGTM_Regex.a"; path = "Trento Ceramiche/Plugins/phonegap-plugin-push/GCM/Libraries/libGTM_Regex.a"; sourceTree = "<group>"; fileEncoding = undefined; lastKnownFileType = archive.ar; explicitFileType = undefined; includeInIndex = 0; };
		D7332421D9C24EB7959411F4 /* libGTM_RoundedRectPath.a */ = {isa = PBXFileReference; name = "libGTM_RoundedRectPath.a"; path = "Trento Ceramiche/Plugins/phonegap-plugin-push/GCM/Libraries/libGTM_RoundedRectPath.a"; sourceTree = "<group>"; fileEncoding = undefined; lastKnownFileType = archive.ar; explicitFileType = undefined; includeInIndex = 0; };
		6E6573F718DB43048042F9E8 /* libGTM_StringEncoding.a */ = {isa = PBXFileReference; name = "libGTM_StringEncoding.a"; path = "Trento Ceramiche/Plugins/phonegap-plugin-push/GCM/Libraries/libGTM_StringEncoding.a"; sourceTree = "<group>"; fileEncoding = undefined; lastKnownFileType = archive.ar; explicitFileType = undefined; includeInIndex = 0; };
		645BC4B597674CF88E2A2E7C /* libGTM_SystemVersion.a */ = {isa = PBXFileReference; name = "libGTM_SystemVersion.a"; path = "Trento Ceramiche/Plugins/phonegap-plugin-push/GCM/Libraries/libGTM_SystemVersion.a"; sourceTree = "<group>"; fileEncoding = undefined; lastKnownFileType = archive.ar; explicitFileType = undefined; includeInIndex = 0; };
		03D3B97EA491411FB011FD83 /* libGTM_UIFont+LineHeight.a */ = {isa = PBXFileReference; name = "libGTM_UIFont+LineHeight.a"; path = "Trento Ceramiche/Plugins/phonegap-plugin-push/GCM/Libraries/libGTM_UIFont+LineHeight.a"; sourceTree = "<group>"; fileEncoding = undefined; lastKnownFileType = archive.ar; explicitFileType = undefined; includeInIndex = 0; };
		36BE5B0377EC40CFAA32798B /* libGTM_core.a */ = {isa = PBXFileReference; name = "libGTM_core.a"; path = "Trento Ceramiche/Plugins/phonegap-plugin-push/GCM/Libraries/libGTM_core.a"; sourceTree = "<group>"; fileEncoding = undefined; lastKnownFileType = archive.ar; explicitFileType = undefined; includeInIndex = 0; };
		82BAA398C9144D5DA53DB6EB /* libGTM_iPhone.a */ = {isa = PBXFileReference; name = "libGTM_iPhone.a"; path = "Trento Ceramiche/Plugins/phonegap-plugin-push/GCM/Libraries/libGTM_iPhone.a"; sourceTree = "<group>"; fileEncoding = undefined; lastKnownFileType = archive.ar; explicitFileType = undefined; includeInIndex = 0; };
		9125AAEE1C064AAB9AA9D3E3 /* libGcmLib.a */ = {isa = PBXFileReference; name = "libGcmLib.a"; path = "Trento Ceramiche/Plugins/phonegap-plugin-push/GCM/Libraries/libGcmLib.a"; sourceTree = "<group>"; fileEncoding = undefined; lastKnownFileType = archive.ar; explicitFileType = undefined; includeInIndex = 0; };
		F08238C560FB4A789625C7B0 /* libProtocolBuffers.a */ = {isa = PBXFileReference; name = "libProtocolBuffers.a"; path = "Trento Ceramiche/Plugins/phonegap-plugin-push/GCM/Libraries/libProtocolBuffers.a"; sourceTree = "<group>"; fileEncoding = undefined; lastKnownFileType = archive.ar; explicitFileType = undefined; includeInIndex = 0; };
		5E2E07778CB345AF9FB98330 /* AppDelegate+notification.h */ = {isa = PBXFileReference; name = "AppDelegate+notification.h"; path = "phonegap-plugin-push/AppDelegate+notification.h"; sourceTree = "<group>"; fileEncoding = 4; lastKnownFileType = sourcecode.c.h; explicitFileType = undefined; includeInIndex = 0; };
		130B6AB0EE8248AE9C068089 /* PushPlugin.h */ = {isa = PBXFileReference; name = "PushPlugin.h"; path = "phonegap-plugin-push/PushPlugin.h"; sourceTree = "<group>"; fileEncoding = 4; lastKnownFileType = sourcecode.c.h; explicitFileType = undefined; includeInIndex = 0; };
		1618A6CB62D94BB5941F1AE7 /* GGLInstanceID.h */ = {isa = PBXFileReference; name = "GGLInstanceID.h"; path = "phonegap-plugin-push/GCM/Headers/GGLInstanceID.h"; sourceTree = "<group>"; fileEncoding = 4; lastKnownFileType = sourcecode.c.h; explicitFileType = undefined; includeInIndex = 0; };
		17425BF4143A47D7A0A506BB /* GGLInstanceIDConfig.h */ = {isa = PBXFileReference; name = "GGLInstanceIDConfig.h"; path = "phonegap-plugin-push/GCM/Headers/GGLInstanceIDConfig.h"; sourceTree = "<group>"; fileEncoding = 4; lastKnownFileType = sourcecode.c.h; explicitFileType = undefined; includeInIndex = 0; };
		D30FC498D5B64D4AAB649E17 /* GGLInstanceIDDelegate.h */ = {isa = PBXFileReference; name = "GGLInstanceIDDelegate.h"; path = "phonegap-plugin-push/GCM/Headers/GGLInstanceIDDelegate.h"; sourceTree = "<group>"; fileEncoding = 4; lastKnownFileType = sourcecode.c.h; explicitFileType = undefined; includeInIndex = 0; };
		403FE2B4BC4A406287931509 /* GGLInstanceIDHeaders.h */ = {isa = PBXFileReference; name = "GGLInstanceIDHeaders.h"; path = "phonegap-plugin-push/GCM/Headers/GGLInstanceIDHeaders.h"; sourceTree = "<group>"; fileEncoding = 4; lastKnownFileType = sourcecode.c.h; explicitFileType = undefined; includeInIndex = 0; };
		E2367FAB61D345EF8ADB3A56 /* CloudMessaging.h */ = {isa = PBXFileReference; name = "CloudMessaging.h"; path = "phonegap-plugin-push/GCM/Headers/CloudMessaging.h"; sourceTree = "<group>"; fileEncoding = 4; lastKnownFileType = sourcecode.c.h; explicitFileType = undefined; includeInIndex = 0; };
		B90F3F2895384B14B99E1D46 /* GGLContext+CloudMessaging.h */ = {isa = PBXFileReference; name = "GGLContext+CloudMessaging.h"; path = "phonegap-plugin-push/GCM/Headers/GGLContext+CloudMessaging.h"; sourceTree = "<group>"; fileEncoding = 4; lastKnownFileType = sourcecode.c.h; explicitFileType = undefined; includeInIndex = 0; };
		9FCA5017DD2546B88562C6D1 /* Core.h */ = {isa = PBXFileReference; name = "Core.h"; path = "phonegap-plugin-push/GCM/Headers/Core.h"; sourceTree = "<group>"; fileEncoding = 4; lastKnownFileType = sourcecode.c.h; explicitFileType = undefined; includeInIndex = 0; };
		F154F8DB6A3943ECA9276E31 /* GGLConfiguration.h */ = {isa = PBXFileReference; name = "GGLConfiguration.h"; path = "phonegap-plugin-push/GCM/Headers/GGLConfiguration.h"; sourceTree = "<group>"; fileEncoding = 4; lastKnownFileType = sourcecode.c.h; explicitFileType = undefined; includeInIndex = 0; };
		7CA73C48A9C140F2B11440A1 /* GGLContext.h */ = {isa = PBXFileReference; name = "GGLContext.h"; path = "phonegap-plugin-push/GCM/Headers/GGLContext.h"; sourceTree = "<group>"; fileEncoding = 4; lastKnownFileType = sourcecode.c.h; explicitFileType = undefined; includeInIndex = 0; };
		D3A1375F2C8844D0B735881D /* GGLErrorCode.h */ = {isa = PBXFileReference; name = "GGLErrorCode.h"; path = "phonegap-plugin-push/GCM/Headers/GGLErrorCode.h"; sourceTree = "<group>"; fileEncoding = 4; lastKnownFileType = sourcecode.c.h; explicitFileType = undefined; includeInIndex = 0; };
		2C54ABB81EE84C8D96AD34C6 /* GCMConfig.h */ = {isa = PBXFileReference; name = "GCMConfig.h"; path = "phonegap-plugin-push/GCM/Headers/GCMConfig.h"; sourceTree = "<group>"; fileEncoding = 4; lastKnownFileType = sourcecode.c.h; explicitFileType = undefined; includeInIndex = 0; };
		BF106E18738F430EBC79E4C7 /* GCMPubSub.h */ = {isa = PBXFileReference; name = "GCMPubSub.h"; path = "phonegap-plugin-push/GCM/Headers/GCMPubSub.h"; sourceTree = "<group>"; fileEncoding = 4; lastKnownFileType = sourcecode.c.h; explicitFileType = undefined; includeInIndex = 0; };
		D45C4BF0728A437681CF6593 /* GCMReceiverDelegate.h */ = {isa = PBXFileReference; name = "GCMReceiverDelegate.h"; path = "phonegap-plugin-push/GCM/Headers/GCMReceiverDelegate.h"; sourceTree = "<group>"; fileEncoding = 4; lastKnownFileType = sourcecode.c.h; explicitFileType = undefined; includeInIndex = 0; };
		70A25A44022C4023B378E75D /* GCMService.h */ = {isa = PBXFileReference; name = "GCMService.h"; path = "phonegap-plugin-push/GCM/Headers/GCMService.h"; sourceTree = "<group>"; fileEncoding = 4; lastKnownFileType = sourcecode.c.h; explicitFileType = undefined; includeInIndex = 0; };
		FED3D994D37F4026AF8B88FC /* GoogleCloudMessaging.h */ = {isa = PBXFileReference; name = "GoogleCloudMessaging.h"; path = "phonegap-plugin-push/GCM/Headers/GoogleCloudMessaging.h"; sourceTree = "<group>"; fileEncoding = 4; lastKnownFileType = sourcecode.c.h; explicitFileType = undefined; includeInIndex = 0; };
		3E42A241F4574FD7A15EED45 /* AddressBook.framework */ = {isa = PBXFileReference; name = "AddressBook.framework"; path = "System/Library/Frameworks/AddressBook.framework"; sourceTree = SDKROOT; fileEncoding = undefined; lastKnownFileType = wrapper.framework; explicitFileType = undefined; includeInIndex = 0; };
		E8D8AD416DF94A4993D7103C /* libsqlite3.tbd */ = {isa = PBXFileReference; name = "libsqlite3.tbd"; path = "usr/lib/libsqlite3.tbd"; sourceTree = SDKROOT; fileEncoding = undefined; lastKnownFileType = sourcecode.text-based-dylib-definition; explicitFileType = undefined; includeInIndex = 0; };
		F35DD843A0EB4B3A8B79705F /* libz.tbd */ = {isa = PBXFileReference; name = "libz.tbd"; path = "usr/lib/libz.tbd"; sourceTree = SDKROOT; fileEncoding = undefined; lastKnownFileType = sourcecode.text-based-dylib-definition; explicitFileType = undefined; includeInIndex = 0; };
		EAF93E7B00B04C9C9817A8A5 /* CDVDevice.m */ = {isa = PBXFileReference; name = "CDVDevice.m"; path = "cordova-plugin-device/CDVDevice.m"; sourceTree = "<group>"; fileEncoding = 4; lastKnownFileType = sourcecode.c.objc; explicitFileType = undefined; includeInIndex = 0; };
		0EB54985135C4DFF95454752 /* CDVDevice.h */ = {isa = PBXFileReference; name = "CDVDevice.h"; path = "cordova-plugin-device/CDVDevice.h"; sourceTree = "<group>"; fileEncoding = 4; lastKnownFileType = sourcecode.c.h; explicitFileType = undefined; includeInIndex = 0; };
		DF6AE19CEAF84CE9A4ECC365 /* CDVNotification.m */ = {isa = PBXFileReference; name = "CDVNotification.m"; path = "cordova-plugin-dialogs/CDVNotification.m"; sourceTree = "<group>"; fileEncoding = 4; lastKnownFileType = sourcecode.c.objc; explicitFileType = undefined; includeInIndex = 0; };
		404C832D4BAD430FA6E86E58 /* CDVNotification.h */ = {isa = PBXFileReference; name = "CDVNotification.h"; path = "cordova-plugin-dialogs/CDVNotification.h"; sourceTree = "<group>"; fileEncoding = 4; lastKnownFileType = sourcecode.c.h; explicitFileType = undefined; includeInIndex = 0; };
		E06A449A4370427887C4B18F /* CDVNotification.bundle */ = {isa = PBXFileReference; name = "CDVNotification.bundle"; path = "CDVNotification.bundle"; sourceTree = "<group>"; fileEncoding = undefined; lastKnownFileType = wrapper.plug-in; explicitFileType = undefined; includeInIndex = 0; };
		CF7B8A10AB684C2D8D2912D5 /* AudioToolbox.framework */ = {isa = PBXFileReference; name = "AudioToolbox.framework"; path = "System/Library/Frameworks/AudioToolbox.framework"; sourceTree = SDKROOT; fileEncoding = undefined; lastKnownFileType = wrapper.framework; explicitFileType = undefined; includeInIndex = 0; };
		9190A57BC0C84ABD82CB7D89 /* CDVInAppBrowser.m */ = {isa = PBXFileReference; name = "CDVInAppBrowser.m"; path = "cordova-plugin-inappbrowser/CDVInAppBrowser.m"; sourceTree = "<group>"; fileEncoding = 4; lastKnownFileType = sourcecode.c.objc; explicitFileType = undefined; includeInIndex = 0; };
		27C463E50934441DAF4312B8 /* CDVInAppBrowser.h */ = {isa = PBXFileReference; name = "CDVInAppBrowser.h"; path = "cordova-plugin-inappbrowser/CDVInAppBrowser.h"; sourceTree = "<group>"; fileEncoding = 4; lastKnownFileType = sourcecode.c.h; explicitFileType = undefined; includeInIndex = 0; };
		73F684EACCB0447B8BE1DD69 /* CDVConnection.m */ = {isa = PBXFileReference; name = "CDVConnection.m"; path = "cordova-plugin-network-information/CDVConnection.m"; sourceTree = "<group>"; fileEncoding = 4; lastKnownFileType = sourcecode.c.objc; explicitFileType = undefined; includeInIndex = 0; };
		B9148BAA6947420D8E4483B7 /* CDVReachability.m */ = {isa = PBXFileReference; name = "CDVReachability.m"; path = "cordova-plugin-network-information/CDVReachability.m"; sourceTree = "<group>"; fileEncoding = 4; lastKnownFileType = sourcecode.c.objc; explicitFileType = undefined; includeInIndex = 0; };
		1E2942C406604587B6A01EE5 /* CDVConnection.h */ = {isa = PBXFileReference; name = "CDVConnection.h"; path = "cordova-plugin-network-information/CDVConnection.h"; sourceTree = "<group>"; fileEncoding = 4; lastKnownFileType = sourcecode.c.h; explicitFileType = undefined; includeInIndex = 0; };
		290F5FFD682C4ED290CDEAE3 /* CDVReachability.h */ = {isa = PBXFileReference; name = "CDVReachability.h"; path = "cordova-plugin-network-information/CDVReachability.h"; sourceTree = "<group>"; fileEncoding = 4; lastKnownFileType = sourcecode.c.h; explicitFileType = undefined; includeInIndex = 0; };
		CF3F5D739671406EA3D7AE03 /* SystemConfiguration.framework */ = {isa = PBXFileReference; name = "SystemConfiguration.framework"; path = "System/Library/Frameworks/SystemConfiguration.framework"; sourceTree = SDKROOT; fileEncoding = undefined; lastKnownFileType = wrapper.framework; explicitFileType = undefined; includeInIndex = 0; };
		9DE5AC4499FA4C64956F67F7 /* CoreTelephony.framework */ = {isa = PBXFileReference; name = "CoreTelephony.framework"; path = "System/Library/Frameworks/CoreTelephony.framework"; sourceTree = SDKROOT; fileEncoding = undefined; lastKnownFileType = wrapper.framework; explicitFileType = undefined; includeInIndex = 0; };
		B1A20BAE52FD452F9D0399F4 /* CDVStatusBar.m */ = {isa = PBXFileReference; name = "CDVStatusBar.m"; path = "cordova-plugin-statusbar/CDVStatusBar.m"; sourceTree = "<group>"; fileEncoding = 4; lastKnownFileType = sourcecode.c.objc; explicitFileType = undefined; includeInIndex = 0; };
		3F9C9C0098AF4E5181B74576 /* CDVStatusBar.h */ = {isa = PBXFileReference; name = "CDVStatusBar.h"; path = "cordova-plugin-statusbar/CDVStatusBar.h"; sourceTree = "<group>"; fileEncoding = 4; lastKnownFileType = sourcecode.c.h; explicitFileType = undefined; includeInIndex = 0; };
		6D8A3398457E4E4D8E7691C0 /* NSString+SSURLEncoding.m */ = {isa = PBXFileReference; name = "NSString+SSURLEncoding.m"; path = "cordova-plugin-x-socialsharing/NSString+SSURLEncoding.m"; sourceTree = "<group>"; fileEncoding = 4; lastKnownFileType = sourcecode.c.objc; explicitFileType = undefined; includeInIndex = 0; };
		811D998EE0E64EA784896733 /* SocialSharing.m */ = {isa = PBXFileReference; name = "SocialSharing.m"; path = "cordova-plugin-x-socialsharing/SocialSharing.m"; sourceTree = "<group>"; fileEncoding = 4; lastKnownFileType = sourcecode.c.objc; explicitFileType = undefined; includeInIndex = 0; };
		A528BC2924414FD1B92DF352 /* NSString+SSURLEncoding.h */ = {isa = PBXFileReference; name = "NSString+SSURLEncoding.h"; path = "cordova-plugin-x-socialsharing/NSString+SSURLEncoding.h"; sourceTree = "<group>"; fileEncoding = 4; lastKnownFileType = sourcecode.c.h; explicitFileType = undefined; includeInIndex = 0; };
		D19CC785D29448AEB3CC5E2C /* SocialSharing.h */ = {isa = PBXFileReference; name = "SocialSharing.h"; path = "cordova-plugin-x-socialsharing/SocialSharing.h"; sourceTree = "<group>"; fileEncoding = 4; lastKnownFileType = sourcecode.c.h; explicitFileType = undefined; includeInIndex = 0; };
		F9B401E8B0A5480688E87E78 /* Social.framework */ = {isa = PBXFileReference; name = "Social.framework"; path = "System/Library/Frameworks/Social.framework"; sourceTree = SDKROOT; fileEncoding = undefined; lastKnownFileType = wrapper.framework; explicitFileType = undefined; includeInIndex = 0; };
		FD69897ED397492DA10B2DFF /* MessageUI.framework */ = {isa = PBXFileReference; name = "MessageUI.framework"; path = "System/Library/Frameworks/MessageUI.framework"; sourceTree = SDKROOT; fileEncoding = undefined; lastKnownFileType = wrapper.framework; explicitFileType = undefined; includeInIndex = 0; };
/* End PBXFileReference section */

/* Begin PBXFrameworksBuildPhase section */
		1D60588F0D05DD3D006BFB54 /* Frameworks */ = {
			isa = PBXFrameworksBuildPhase;
			buildActionMask = 2147483647;
			files = (
				301BF552109A68D80062928A /* libCordova.a in Frameworks */,
				E5EFFE1112844C448231322F /* libGGLCloudMessaging.a in Frameworks */,
				355EBE0C8EBA49E6A6A04E23 /* libGGLCore.a in Frameworks */,
				A4963F06BC80495595F6906C /* libGGLInstanceIDLib.a in Frameworks */,
				072E52A29D414079BB5EEA2F /* libGIP_Reachability.a in Frameworks */,
				50BF0C69FE644D08B148DE15 /* libGSDK_Overload.a in Frameworks */,
				4E29568E3AA14AE584C0709F /* libGTMSessionFetcher_core.a in Frameworks */,
				34BA54E49817468292D9124E /* libGTMSessionFetcher_full.a in Frameworks */,
				158DD4B06814428F9EDDE5F8 /* libGTMStackTrace.a in Frameworks */,
				54EC185914F8436A8590EDE2 /* libGTM_AddressBook.a in Frameworks */,
				2AE47E43F9B147158B7907D9 /* libGTM_DebugUtils.a in Frameworks */,
				BAA0DF5CEB3D414BA4479A48 /* libGTM_GTMURLBuilder.a in Frameworks */,
				506DE4D823604608B6D35349 /* libGTM_KVO.a in Frameworks */,
				AA98BDFC8C764CBC970FFE19 /* libGTM_NSData+zlib.a in Frameworks */,
				80F001D449BD49CCBEDEE1BA /* libGTM_NSDictionary+URLArguments.a in Frameworks */,
				11D692CB059942078289C827 /* libGTM_NSScannerJSON.a in Frameworks */,
				CB4C3A807E964DF1A5334C17 /* libGTM_NSStringHTML.a in Frameworks */,
				CA7769624E4448419A296B29 /* libGTM_NSStringXML.a in Frameworks */,
				54B755FD76484507A76538B0 /* libGTM_Regex.a in Frameworks */,
				C665FD75010F43F38680B773 /* libGTM_RoundedRectPath.a in Frameworks */,
				9C87E17D4DA94CDCA90E3775 /* libGTM_StringEncoding.a in Frameworks */,
				5C3C3847589043F0BF85FF7F /* libGTM_SystemVersion.a in Frameworks */,
				CC4620E4FFA04E51A24E64B4 /* libGTM_UIFont+LineHeight.a in Frameworks */,
				9E643A760D9E45E1B40AB25F /* libGTM_core.a in Frameworks */,
				4CD9A36CEFF7447EB447889A /* libGTM_iPhone.a in Frameworks */,
				F617017C09144F9FB9D829B3 /* libGcmLib.a in Frameworks */,
				7BFD32FDCD74422B8068B5CF /* libProtocolBuffers.a in Frameworks */,
				4B7006DEE3364459AF3D9A5E /* AddressBook.framework in Frameworks */,
				D2D73F2AEAF041EAA99BFDBB /* libsqlite3.tbd in Frameworks */,
				770EB18C037D4664B7BEB9C1 /* libz.tbd in Frameworks */,
				77CF33ED450246C69A88CF84 /* AudioToolbox.framework in Frameworks */,
				EEA2460C68774FEDAF3347BD /* SystemConfiguration.framework in Frameworks */,
				0E8D8ABB57A94A78B6707832 /* CoreTelephony.framework in Frameworks */,
				3AFDEC8B9B9442F8843B6DE1 /* Social.framework in Frameworks */,
				B6BC39C6D51240108216E008 /* MessageUI.framework in Frameworks */,
			);
			runOnlyForDeploymentPostprocessing = 0;
		};
/* End PBXFrameworksBuildPhase section */

/* Begin PBXGroup section */
		080E96DDFE201D6D7F000001 /* Classes */ = {
			isa = PBXGroup;
			children = (
				302D95EE14D2391D003F00A1 /* MainViewController.h */,
				302D95EF14D2391D003F00A1 /* MainViewController.m */,
				302D95F014D2391D003F00A1 /* MainViewController.xib */,
				1D3623240D0F684500981E51 /* AppDelegate.h */,
				1D3623250D0F684500981E51 /* AppDelegate.m */,
			);
			name = Classes;
			path = "Trento Ceramiche/Classes";
			sourceTree = SOURCE_ROOT;
		};
		19C28FACFE9D520D11CA2CBB /* Products */ = {
			isa = PBXGroup;
			children = (
				1D6058910D05DD3D006BFB54 /* Trento Ceramiche.app */,
			);
			name = Products;
			sourceTree = "<group>";
		};
		29B97314FDCFA39411CA2CEA /* CustomTemplate */ = {
			isa = PBXGroup;
			children = (
				EB87FDF41871DAF40020F90C /* config.xml */,
				EB87FDF31871DA8E0020F90C /* www */,
				EB87FDF11871DA420020F90C /* Staging */,
				301BF52D109A57CC0062928A /* CordovaLib.xcodeproj */,
				080E96DDFE201D6D7F000001 /* Classes */,
				307C750510C5A3420062BCA9 /* Plugins */,
				29B97315FDCFA39411CA2CEA /* Other Sources */,
				29B97317FDCFA39411CA2CEA /* Resources */,
				29B97323FDCFA39411CA2CEA /* Frameworks */,
				19C28FACFE9D520D11CA2CBB /* Products */,
			);
			name = CustomTemplate;
			sourceTree = "<group>";
		};
		29B97315FDCFA39411CA2CEA /* Other Sources */ = {
			isa = PBXGroup;
			children = (
				32CA4F630368D1EE00C91783 /* Trento Ceramiche-Prefix.pch */,
				29B97316FDCFA39411CA2CEA /* main.m */,
				ED33DF2A687741AEAF9F8254 /* Bridging-Header.h */,
			);
			name = "Other Sources";
			path = "Trento Ceramiche";
			sourceTree = "<group>";
		};
		29B97317FDCFA39411CA2CEA /* Resources */ = {
			isa = PBXGroup;
			children = (
				0207DA571B56EA530066E2B4 /* Images.xcassets */,
				3047A50E1AB8057F00498E2A /* config */,
				8D1107310486CEB800E47090 /* Trento Ceramiche-Info.plist */,
				6AFF5BF81D6E424B00AB3073 /* CDVLaunchScreen.storyboard */,
				E06A449A4370427887C4B18F /* CDVNotification.bundle */,
			);
			name = Resources;
			path = "Trento Ceramiche/Resources";
			sourceTree = "<group>";
		};
		29B97323FDCFA39411CA2CEA /* Frameworks */ = {
			isa = PBXGroup;
			children = (
				7218A719CD334DC0A392F8CD /* libGGLCloudMessaging.a */,
				2A3C7F8463BF423EBB66C0D4 /* libGGLCore.a */,
				0D114F6E7EBA4F48964AE404 /* libGGLInstanceIDLib.a */,
				16264976A7E245AFBB089F2F /* libGIP_Reachability.a */,
				1D629F54D9DC4984B0BE39C2 /* libGSDK_Overload.a */,
				20B2DD8321F549878795D3D3 /* libGTMSessionFetcher_core.a */,
				32A1BF83799E468AB75515B0 /* libGTMSessionFetcher_full.a */,
				1F0B0A49A0E242DEBC91D118 /* libGTMStackTrace.a */,
				8FD0351A9380480D9676F9E6 /* libGTM_AddressBook.a */,
				4D19BF7EC0364A008402C783 /* libGTM_DebugUtils.a */,
				4A0C48D347EB455096259ACB /* libGTM_GTMURLBuilder.a */,
				42498BD28A4446FA89CD5A11 /* libGTM_KVO.a */,
				DF86758067364F4CBDD850CC /* libGTM_NSData+zlib.a */,
				9A02936601144A6593A30611 /* libGTM_NSDictionary+URLArguments.a */,
				01ADF1A3200047ECB4A75A22 /* libGTM_NSScannerJSON.a */,
				901772AAC42949CB959619D2 /* libGTM_NSStringHTML.a */,
				B4C376A4DCE24E77850D9588 /* libGTM_NSStringXML.a */,
				6E07B05E47674261A77A8D0D /* libGTM_Regex.a */,
				D7332421D9C24EB7959411F4 /* libGTM_RoundedRectPath.a */,
				6E6573F718DB43048042F9E8 /* libGTM_StringEncoding.a */,
				645BC4B597674CF88E2A2E7C /* libGTM_SystemVersion.a */,
				03D3B97EA491411FB011FD83 /* libGTM_UIFont+LineHeight.a */,
				36BE5B0377EC40CFAA32798B /* libGTM_core.a */,
				82BAA398C9144D5DA53DB6EB /* libGTM_iPhone.a */,
				9125AAEE1C064AAB9AA9D3E3 /* libGcmLib.a */,
				F08238C560FB4A789625C7B0 /* libProtocolBuffers.a */,
				3E42A241F4574FD7A15EED45 /* AddressBook.framework */,
				E8D8AD416DF94A4993D7103C /* libsqlite3.tbd */,
				F35DD843A0EB4B3A8B79705F /* libz.tbd */,
				CF7B8A10AB684C2D8D2912D5 /* AudioToolbox.framework */,
				CF3F5D739671406EA3D7AE03 /* SystemConfiguration.framework */,
				9DE5AC4499FA4C64956F67F7 /* CoreTelephony.framework */,
				F9B401E8B0A5480688E87E78 /* Social.framework */,
				FD69897ED397492DA10B2DFF /* MessageUI.framework */,
			);
			name = Frameworks;
			sourceTree = "<group>";
		};
		301BF52E109A57CC0062928A /* Products */ = {
			isa = PBXGroup;
			children = (
				301BF535109A57CC0062928A /* libCordova.a */,
			);
			name = Products;
			sourceTree = "<group>";
		};
		3047A50E1AB8057F00498E2A /* config */ = {
			isa = PBXGroup;
			children = (
				3047A50F1AB8059700498E2A /* build-debug.xcconfig */,
				3047A5101AB8059700498E2A /* build-release.xcconfig */,
				3047A5111AB8059700498E2A /* build.xcconfig */,
			);
			name = config;
			sourceTree = "<group>";
		};
		307C750510C5A3420062BCA9 /* Plugins */ = {
			isa = PBXGroup;
			children = (
				88FEEBE8C7944108B31E6D89 /* AppDelegate+notification.m */,
				FAC5A36CD91044439319F03C /* PushPlugin.m */,
				5E2E07778CB345AF9FB98330 /* AppDelegate+notification.h */,
				130B6AB0EE8248AE9C068089 /* PushPlugin.h */,
				1618A6CB62D94BB5941F1AE7 /* GGLInstanceID.h */,
				17425BF4143A47D7A0A506BB /* GGLInstanceIDConfig.h */,
				D30FC498D5B64D4AAB649E17 /* GGLInstanceIDDelegate.h */,
				403FE2B4BC4A406287931509 /* GGLInstanceIDHeaders.h */,
				E2367FAB61D345EF8ADB3A56 /* CloudMessaging.h */,
				B90F3F2895384B14B99E1D46 /* GGLContext+CloudMessaging.h */,
				9FCA5017DD2546B88562C6D1 /* Core.h */,
				F154F8DB6A3943ECA9276E31 /* GGLConfiguration.h */,
				7CA73C48A9C140F2B11440A1 /* GGLContext.h */,
				D3A1375F2C8844D0B735881D /* GGLErrorCode.h */,
				2C54ABB81EE84C8D96AD34C6 /* GCMConfig.h */,
				BF106E18738F430EBC79E4C7 /* GCMPubSub.h */,
				D45C4BF0728A437681CF6593 /* GCMReceiverDelegate.h */,
				70A25A44022C4023B378E75D /* GCMService.h */,
				FED3D994D37F4026AF8B88FC /* GoogleCloudMessaging.h */,
				EAF93E7B00B04C9C9817A8A5 /* CDVDevice.m */,
				0EB54985135C4DFF95454752 /* CDVDevice.h */,
				DF6AE19CEAF84CE9A4ECC365 /* CDVNotification.m */,
				404C832D4BAD430FA6E86E58 /* CDVNotification.h */,
				9190A57BC0C84ABD82CB7D89 /* CDVInAppBrowser.m */,
				27C463E50934441DAF4312B8 /* CDVInAppBrowser.h */,
				73F684EACCB0447B8BE1DD69 /* CDVConnection.m */,
				B9148BAA6947420D8E4483B7 /* CDVReachability.m */,
				1E2942C406604587B6A01EE5 /* CDVConnection.h */,
				290F5FFD682C4ED290CDEAE3 /* CDVReachability.h */,
				B1A20BAE52FD452F9D0399F4 /* CDVStatusBar.m */,
				3F9C9C0098AF4E5181B74576 /* CDVStatusBar.h */,
				6D8A3398457E4E4D8E7691C0 /* NSString+SSURLEncoding.m */,
				811D998EE0E64EA784896733 /* SocialSharing.m */,
				A528BC2924414FD1B92DF352 /* NSString+SSURLEncoding.h */,
				D19CC785D29448AEB3CC5E2C /* SocialSharing.h */,
			);
			name = Plugins;
			path = "Trento Ceramiche/Plugins";
			sourceTree = SOURCE_ROOT;
		};
		EB87FDF11871DA420020F90C /* Staging */ = {
			isa = PBXGroup;
			children = (
				F840E1F0165FE0F500CFE078 /* config.xml */,
				301BF56E109A69640062928A /* www */,
			);
			name = Staging;
			sourceTree = "<group>";
		};
/* End PBXGroup section */

/* Begin PBXNativeTarget section */
		1D6058900D05DD3D006BFB54 /* Trento Ceramiche */ = {
			isa = PBXNativeTarget;
			buildConfigurationList = 1D6058960D05DD3E006BFB54 /* Build configuration list for PBXNativeTarget "Trento Ceramiche" */;
			buildPhases = (
				304B58A110DAC018002A0835 /* Copy www directory */,
				1D60588D0D05DD3D006BFB54 /* Resources */,
				1D60588E0D05DD3D006BFB54 /* Sources */,
				1D60588F0D05DD3D006BFB54 /* Frameworks */,
			);
			buildRules = (
			);
			dependencies = (
				301BF551109A68C00062928A /* PBXTargetDependency */,
			);
			name = "Trento Ceramiche";
			productName = "Trento Ceramiche";
			productReference = 1D6058910D05DD3D006BFB54 /* Trento Ceramiche.app */;
			productType = "com.apple.product-type.application";
		};
/* End PBXNativeTarget section */

/* Begin PBXProject section */
		29B97313FDCFA39411CA2CEA /* Project object */ = {
			isa = PBXProject;
			attributes = {
				LastUpgradeCheck = 510;
			};
			buildConfigurationList = C01FCF4E08A954540054247B /* Build configuration list for PBXProject "__NON-CLI__" */;
			compatibilityVersion = "Xcode 3.2";
			developmentRegion = English;
			hasScannedForEncodings = 1;
			mainGroup = 29B97314FDCFA39411CA2CEA /* CustomTemplate */;
			projectDirPath = "";
			projectReferences = (
				{
					ProductGroup = 301BF52E109A57CC0062928A /* Products */;
					ProjectRef = 301BF52D109A57CC0062928A /* CordovaLib.xcodeproj */;
				},
			);
			projectRoot = "";
			targets = (
				1D6058900D05DD3D006BFB54 /* Trento Ceramiche */,
			);
		};
/* End PBXProject section */

/* Begin PBXReferenceProxy section */
		301BF535109A57CC0062928A /* libCordova.a */ = {
			isa = PBXReferenceProxy;
			fileType = archive.ar;
			path = libCordova.a;
			remoteRef = 301BF534109A57CC0062928A /* PBXContainerItemProxy */;
			sourceTree = BUILT_PRODUCTS_DIR;
		};
/* End PBXReferenceProxy section */

/* Begin PBXResourcesBuildPhase section */
		1D60588D0D05DD3D006BFB54 /* Resources */ = {
			isa = PBXResourcesBuildPhase;
			buildActionMask = 2147483647;
			files = (
				302D95F214D2391D003F00A1 /* MainViewController.xib in Resources */,
				0207DA581B56EA530066E2B4 /* Images.xcassets in Resources */,
				6AFF5BF91D6E424B00AB3073 /* CDVLaunchScreen.storyboard in Resources */,
				0A072288DDEA4525A56FBB45 /* CDVNotification.bundle in Resources */,
			);
			runOnlyForDeploymentPostprocessing = 0;
		};
/* End PBXResourcesBuildPhase section */

/* Begin PBXShellScriptBuildPhase section */
		304B58A110DAC018002A0835 /* Copy www directory */ = {
			isa = PBXShellScriptBuildPhase;
			buildActionMask = 2147483647;
			files = (
			);
			inputPaths = (
			);
			name = "Copy www directory";
			outputPaths = (
			);
			runOnlyForDeploymentPostprocessing = 0;
			shellPath = /bin/sh;
			shellScript = "NODEJS_PATH=/usr/local/bin; NVM_NODE_PATH=~/.nvm/versions/node/`nvm version 2>/dev/null`/bin; N_NODE_PATH=`find /usr/local/n/versions/node/* -maxdepth 0 -type d 2>/dev/null | tail -1`/bin; XCODE_NODE_PATH=`xcode-select --print-path`/usr/share/xcs/Node/bin; PATH=$NODEJS_PATH:$NVM_NODE_PATH:$N_NODE_PATH:$XCODE_NODE_PATH:$PATH && node cordova/lib/copy-www-build-step.js";
			showEnvVarsInLog = 0;
		};
/* End PBXShellScriptBuildPhase section */

/* Begin PBXSourcesBuildPhase section */
		1D60588E0D05DD3D006BFB54 /* Sources */ = {
			isa = PBXSourcesBuildPhase;
			buildActionMask = 2147483647;
			files = (
				1D60589B0D05DD56006BFB54 /* main.m in Sources */,
				1D3623260D0F684500981E51 /* AppDelegate.m in Sources */,
				302D95F114D2391D003F00A1 /* MainViewController.m in Sources */,
				0CDD5C85AE1B427AA3FB77B1 /* AppDelegate+notification.m in Sources */,
				EFD67C63E5C14FAAB1E47896 /* PushPlugin.m in Sources */,
				0E50987FD17142808D6504FB /* CDVDevice.m in Sources */,
				DD82F0081A4C458E90CB1ACD /* CDVNotification.m in Sources */,
				690575A19FDC4BA4A60B38C2 /* CDVInAppBrowser.m in Sources */,
				ECA22A26FC744207BFA74436 /* CDVConnection.m in Sources */,
				B78614D646CC486B956D9FD1 /* CDVReachability.m in Sources */,
				7F486741014E42C091D3E494 /* CDVStatusBar.m in Sources */,
				BB2CF294BBE0499B9372B783 /* NSString+SSURLEncoding.m in Sources */,
				0EB99458214F42DF94590B25 /* SocialSharing.m in Sources */,
			);
			runOnlyForDeploymentPostprocessing = 0;
		};
/* End PBXSourcesBuildPhase section */

/* Begin PBXTargetDependency section */
		301BF551109A68C00062928A /* PBXTargetDependency */ = {
			isa = PBXTargetDependency;
			name = CordovaLib;
			targetProxy = 301BF550109A68C00062928A /* PBXContainerItemProxy */;
		};
/* End PBXTargetDependency section */

/* Begin XCBuildConfiguration section */
		1D6058940D05DD3E006BFB54 /* Debug */ = {
			isa = XCBuildConfiguration;
			baseConfigurationReference = 3047A50F1AB8059700498E2A /* build-debug.xcconfig */;
			buildSettings = {
				ALWAYS_SEARCH_USER_PATHS = NO;
				ASSETCATALOG_COMPILER_APPICON_NAME = AppIcon;
				ASSETCATALOG_COMPILER_LAUNCHIMAGE_NAME = LaunchImage;
				CLANG_ENABLE_MODULES = YES;
				CLANG_ENABLE_OBJC_ARC = YES;
				COPY_PHASE_STRIP = NO;
				GCC_DYNAMIC_NO_PIC = NO;
				GCC_OPTIMIZATION_LEVEL = 0;
				GCC_PRECOMPILE_PREFIX_HEADER = YES;
				GCC_PREFIX_HEADER = "Trento Ceramiche/Trento Ceramiche-Prefix.pch";
				GCC_THUMB_SUPPORT = NO;
				GCC_VERSION = "";
				INFOPLIST_FILE = "Trento Ceramiche/Trento Ceramiche-Info.plist";
				IPHONEOS_DEPLOYMENT_TARGET = 8.0;
				LD_RUNPATH_SEARCH_PATHS = "@executable_path/Frameworks";
				TARGETED_DEVICE_FAMILY = "1,2";
				PRODUCT_NAME = "Trento Ceramiche";
				LIBRARY_SEARCH_PATHS = (
					"$(inherited)",
					"\"$(SRCROOT)/Trento Ceramiche/Plugins/phonegap-plugin-push/GCM/Libraries\"",
					"\"$(SRCROOT)/Trento Ceramiche/Plugins/phonegap-plugin-push/GCM/Libraries\"",
					"\"$(SRCROOT)/Trento Ceramiche/Plugins/phonegap-plugin-push/GCM/Libraries\"",
					"\"$(SRCROOT)/Trento Ceramiche/Plugins/phonegap-plugin-push/GCM/Libraries\"",
					"\"$(SRCROOT)/Trento Ceramiche/Plugins/phonegap-plugin-push/GCM/Libraries\"",
					"\"$(SRCROOT)/Trento Ceramiche/Plugins/phonegap-plugin-push/GCM/Libraries\"",
					"\"$(SRCROOT)/Trento Ceramiche/Plugins/phonegap-plugin-push/GCM/Libraries\"",
					"\"$(SRCROOT)/Trento Ceramiche/Plugins/phonegap-plugin-push/GCM/Libraries\"",
					"\"$(SRCROOT)/Trento Ceramiche/Plugins/phonegap-plugin-push/GCM/Libraries\"",
					"\"$(SRCROOT)/Trento Ceramiche/Plugins/phonegap-plugin-push/GCM/Libraries\"",
					"\"$(SRCROOT)/Trento Ceramiche/Plugins/phonegap-plugin-push/GCM/Libraries\"",
					"\"$(SRCROOT)/Trento Ceramiche/Plugins/phonegap-plugin-push/GCM/Libraries\"",
					"\"$(SRCROOT)/Trento Ceramiche/Plugins/phonegap-plugin-push/GCM/Libraries\"",
					"\"$(SRCROOT)/Trento Ceramiche/Plugins/phonegap-plugin-push/GCM/Libraries\"",
					"\"$(SRCROOT)/Trento Ceramiche/Plugins/phonegap-plugin-push/GCM/Libraries\"",
					"\"$(SRCROOT)/Trento Ceramiche/Plugins/phonegap-plugin-push/GCM/Libraries\"",
					"\"$(SRCROOT)/Trento Ceramiche/Plugins/phonegap-plugin-push/GCM/Libraries\"",
					"\"$(SRCROOT)/Trento Ceramiche/Plugins/phonegap-plugin-push/GCM/Libraries\"",
					"\"$(SRCROOT)/Trento Ceramiche/Plugins/phonegap-plugin-push/GCM/Libraries\"",
					"\"$(SRCROOT)/Trento Ceramiche/Plugins/phonegap-plugin-push/GCM/Libraries\"",
					"\"$(SRCROOT)/Trento Ceramiche/Plugins/phonegap-plugin-push/GCM/Libraries\"",
					"\"$(SRCROOT)/Trento Ceramiche/Plugins/phonegap-plugin-push/GCM/Libraries\"",
					"\"$(SRCROOT)/Trento Ceramiche/Plugins/phonegap-plugin-push/GCM/Libraries\"",
					"\"$(SRCROOT)/Trento Ceramiche/Plugins/phonegap-plugin-push/GCM/Libraries\"",
					"\"$(SRCROOT)/Trento Ceramiche/Plugins/phonegap-plugin-push/GCM/Libraries\"",
					"\"$(SRCROOT)/Trento Ceramiche/Plugins/phonegap-plugin-push/GCM/Libraries\"",
				);
			};
			name = Debug;
		};
		1D6058950D05DD3E006BFB54 /* Release */ = {
			isa = XCBuildConfiguration;
			baseConfigurationReference = 3047A5101AB8059700498E2A /* build-release.xcconfig */;
			buildSettings = {
				ALWAYS_SEARCH_USER_PATHS = NO;
				ASSETCATALOG_COMPILER_APPICON_NAME = AppIcon;
				ASSETCATALOG_COMPILER_LAUNCHIMAGE_NAME = LaunchImage;
				CLANG_ENABLE_MODULES = YES;
				CLANG_ENABLE_OBJC_ARC = YES;
				COPY_PHASE_STRIP = YES;
				GCC_PRECOMPILE_PREFIX_HEADER = YES;
				GCC_PREFIX_HEADER = "Trento Ceramiche/Trento Ceramiche-Prefix.pch";
				GCC_THUMB_SUPPORT = NO;
				GCC_VERSION = "";
				INFOPLIST_FILE = "Trento Ceramiche/Trento Ceramiche-Info.plist";
				IPHONEOS_DEPLOYMENT_TARGET = 8.0;
				LD_RUNPATH_SEARCH_PATHS = "@executable_path/Frameworks";
				TARGETED_DEVICE_FAMILY = "1,2";
				PRODUCT_NAME = "Trento Ceramiche";
				LIBRARY_SEARCH_PATHS = (
					"$(inherited)",
					"\"$(SRCROOT)/Trento Ceramiche/Plugins/phonegap-plugin-push/GCM/Libraries\"",
					"\"$(SRCROOT)/Trento Ceramiche/Plugins/phonegap-plugin-push/GCM/Libraries\"",
					"\"$(SRCROOT)/Trento Ceramiche/Plugins/phonegap-plugin-push/GCM/Libraries\"",
					"\"$(SRCROOT)/Trento Ceramiche/Plugins/phonegap-plugin-push/GCM/Libraries\"",
					"\"$(SRCROOT)/Trento Ceramiche/Plugins/phonegap-plugin-push/GCM/Libraries\"",
					"\"$(SRCROOT)/Trento Ceramiche/Plugins/phonegap-plugin-push/GCM/Libraries\"",
					"\"$(SRCROOT)/Trento Ceramiche/Plugins/phonegap-plugin-push/GCM/Libraries\"",
					"\"$(SRCROOT)/Trento Ceramiche/Plugins/phonegap-plugin-push/GCM/Libraries\"",
					"\"$(SRCROOT)/Trento Ceramiche/Plugins/phonegap-plugin-push/GCM/Libraries\"",
					"\"$(SRCROOT)/Trento Ceramiche/Plugins/phonegap-plugin-push/GCM/Libraries\"",
					"\"$(SRCROOT)/Trento Ceramiche/Plugins/phonegap-plugin-push/GCM/Libraries\"",
					"\"$(SRCROOT)/Trento Ceramiche/Plugins/phonegap-plugin-push/GCM/Libraries\"",
					"\"$(SRCROOT)/Trento Ceramiche/Plugins/phonegap-plugin-push/GCM/Libraries\"",
					"\"$(SRCROOT)/Trento Ceramiche/Plugins/phonegap-plugin-push/GCM/Libraries\"",
					"\"$(SRCROOT)/Trento Ceramiche/Plugins/phonegap-plugin-push/GCM/Libraries\"",
					"\"$(SRCROOT)/Trento Ceramiche/Plugins/phonegap-plugin-push/GCM/Libraries\"",
					"\"$(SRCROOT)/Trento Ceramiche/Plugins/phonegap-plugin-push/GCM/Libraries\"",
					"\"$(SRCROOT)/Trento Ceramiche/Plugins/phonegap-plugin-push/GCM/Libraries\"",
					"\"$(SRCROOT)/Trento Ceramiche/Plugins/phonegap-plugin-push/GCM/Libraries\"",
					"\"$(SRCROOT)/Trento Ceramiche/Plugins/phonegap-plugin-push/GCM/Libraries\"",
					"\"$(SRCROOT)/Trento Ceramiche/Plugins/phonegap-plugin-push/GCM/Libraries\"",
					"\"$(SRCROOT)/Trento Ceramiche/Plugins/phonegap-plugin-push/GCM/Libraries\"",
					"\"$(SRCROOT)/Trento Ceramiche/Plugins/phonegap-plugin-push/GCM/Libraries\"",
					"\"$(SRCROOT)/Trento Ceramiche/Plugins/phonegap-plugin-push/GCM/Libraries\"",
					"\"$(SRCROOT)/Trento Ceramiche/Plugins/phonegap-plugin-push/GCM/Libraries\"",
					"\"$(SRCROOT)/Trento Ceramiche/Plugins/phonegap-plugin-push/GCM/Libraries\"",
				);
			};
			name = Release;
		};
		C01FCF4F08A954540054247B /* Debug */ = {
			isa = XCBuildConfiguration;
			baseConfigurationReference = 3047A5111AB8059700498E2A /* build.xcconfig */;
			buildSettings = {
				CLANG_ENABLE_MODULES = YES;
				CLANG_ENABLE_OBJC_ARC = YES;
				CLANG_WARN_BOOL_CONVERSION = YES;
				CLANG_WARN_CONSTANT_CONVERSION = YES;
				CLANG_WARN_EMPTY_BODY = YES;
				CLANG_WARN_ENUM_CONVERSION = YES;
				CLANG_WARN_INT_CONVERSION = YES;
				CLANG_WARN__DUPLICATE_METHOD_MATCH = YES;
				GCC_C_LANGUAGE_STANDARD = c99;
				GCC_THUMB_SUPPORT = NO;
				GCC_VERSION = "";
				GCC_WARN_ABOUT_RETURN_TYPE = YES;
				GCC_WARN_UNDECLARED_SELECTOR = YES;
				GCC_WARN_UNINITIALIZED_AUTOS = YES;
				GCC_WARN_UNUSED_FUNCTION = YES;
				GCC_WARN_UNUSED_VARIABLE = YES;
				ONLY_ACTIVE_ARCH = YES;
				SDKROOT = iphoneos;
				SKIP_INSTALL = NO;
				TARGETED_DEVICE_FAMILY = "1,2";
				ASSETCATALOG_COMPILER_LAUNCHIMAGE_NAME = LaunchImage;
			};
			name = Debug;
		};
		C01FCF5008A954540054247B /* Release */ = {
			isa = XCBuildConfiguration;
			baseConfigurationReference = 3047A5111AB8059700498E2A /* build.xcconfig */;
			buildSettings = {
				CLANG_ENABLE_MODULES = YES;
				CLANG_ENABLE_OBJC_ARC = YES;
				CLANG_WARN_BOOL_CONVERSION = YES;
				CLANG_WARN_CONSTANT_CONVERSION = YES;
				CLANG_WARN_EMPTY_BODY = YES;
				CLANG_WARN_ENUM_CONVERSION = YES;
				CLANG_WARN_INT_CONVERSION = YES;
				CLANG_WARN__DUPLICATE_METHOD_MATCH = YES;
				GCC_C_LANGUAGE_STANDARD = c99;
				GCC_THUMB_SUPPORT = NO;
				GCC_VERSION = "";
				GCC_WARN_ABOUT_RETURN_TYPE = YES;
				GCC_WARN_UNDECLARED_SELECTOR = YES;
				GCC_WARN_UNINITIALIZED_AUTOS = YES;
				GCC_WARN_UNUSED_FUNCTION = YES;
				GCC_WARN_UNUSED_VARIABLE = YES;
				SDKROOT = iphoneos;
				SKIP_INSTALL = NO;
				TARGETED_DEVICE_FAMILY = "1,2";
				ASSETCATALOG_COMPILER_LAUNCHIMAGE_NAME = LaunchImage;
			};
			name = Release;
		};
/* End XCBuildConfiguration section */

/* Begin XCConfigurationList section */
		1D6058960D05DD3E006BFB54 /* Build configuration list for PBXNativeTarget "Trento Ceramiche" */ = {
			isa = XCConfigurationList;
			buildConfigurations = (
				1D6058940D05DD3E006BFB54 /* Debug */,
				1D6058950D05DD3E006BFB54 /* Release */,
			);
			defaultConfigurationIsVisible = 0;
			defaultConfigurationName = Release;
		};
		C01FCF4E08A954540054247B /* Build configuration list for PBXProject "__NON-CLI__" */ = {
			isa = XCConfigurationList;
			buildConfigurations = (
				C01FCF4F08A954540054247B /* Debug */,
				C01FCF5008A954540054247B /* Release */,
			);
			defaultConfigurationIsVisible = 0;
			defaultConfigurationName = Release;
		};
/* End XCConfigurationList section */
	};
	rootObject = 29B97313FDCFA39411CA2CEA /* Project object */;
}
